github.com/bmizerany/perks v0.0.0-20141205001514-d9a9656a3a4b h1:AP/Y7sqYicnjGDfD5VcY4CIfh1hRXBUavxrvELjTiOE=
github.com/bmizerany/perks v0.0.0-20141205001514-d9a9656a3a4b/go.mod h1:ac9efd0D1fsDb3EJvhqgXRbFx7bs2wqZ10HQPeU8U/Q=
github.com/c2h5oh/datasize v0.0.0-20200112174442-28bbd4740fee h1:BnPxIde0gjtTnc9Er7cxvBk8DHLWhEux0SxayC8dP6I=
github.com/c2h5oh/datasize v0.0.0-20200112174442-28bbd4740fee/go.mod h1:S/7n9copUssQ56c7aAgHqftWO4LTf4xY6CGWt8Bc+3M=
github.com/dgryski/go-gk v0.0.0-20140819190930-201884a44051 h1:ByJUvQYyTtNNCVfYNM48q6uYUT4fAlN0wNmd3th4BSo=
github.com/dgryski/go-gk v0.0.0-20140819190930-201884a44051/go.mod h1:qm+vckxRlDt0aOla0RYJJVeqHZlWfOm2UIxHaqPB46E=
github.com/google/go-cmp v0.2.0 h1:+dTQ8DZQJz0Mb/HjFlkptS1FeQ4cWSnN941F8aEG4SQ=
github.com/google/go-cmp v0.2.0/go.mod h1:oXzfMopK8JAjlY9xF4vHSVASa0yLyX7SntLO5aqRK0M=
github.com/icza/gox v0.0.0-20200225130741-b24ac7855005 h1:XTNdijWzcfVCDdRx3/mQwtLc6PfAIxtf1T32pvMJWb8=
github.com/icza/gox v0.0.0-20200225130741-b24ac7855005/go.mod h1:VbcN86fRkkUMPX2ufM85Um8zFndLZswoIW1eYtpAcVk=
github.com/influxdata/tdigest v0.0.1 h1:XpFptwYmnEKUqmkcDjrzffswZ3nvNeevbUSLPP/ZzIY=
github.com/influxdata/tdigest v0.0.1/go.mod h1:Z0kXnxzbTC2qrx4NaIzYkE1k66+6oEDQTvL95hQFh5Y=
github.com/mailru/easyjson v0.7.1 h1:mdxE1MF9o53iCb2Ghj1VfWvh7ZOwHpnVG/xwXrV90U8=
github.com/mailru/easyjson v0.7.1/go.mod h1:KAzv3t3aY1NaHWoQz1+4F1ccyAH66Jk7yos7ldAVICs=
github.com/streadway/quantile v0.0.0-20150917103942-b0c588724d25 h1:7z3LSn867ex6VSaahyKadf4WtSsJIgne6A1WLOAGM8A=
github.com/streadway/quantile v0.0.0-20150917103942-b0c588724d25/go.mod h1:lbP8tGiBjZ5YWIc2fzuRpTaz0b/53vT6PEs3QuAWzuU=
github.com/tsenart/go-tsz v0.0.0-20180814235614-0bd30b3df1c3 h1:pcQGQzTwCg//7FgVywqge1sW9Yf8VMsMdG58MI5kd8s=
github.com/tsenart/go-tsz v0.0.0-20180814235614-0bd30b3df1c3/go.mod h1:SWZznP1z5Ki7hDT2ioqiFKEse8K9tU2OUvaRI0NeGQo=
github.com/tsenart/vegeta v1.2.0 h1:ootdZOMPo6TDg4SnP9OTbdqc1apYEjhtgQi3fPyB/RA=
github.com/tsenart/vegeta v12.7.0+incompatible h1:sGlrv11EMxQoKOlDuMWR23UdL90LE5VlhKw/6PWkZmU=
github.com/tsenart/vegeta v12.7.0+incompatible/go.mod h1:Smz/ZWfhKRcyDDChZkG3CyTHdj87lHzio/HOCkbndXM=
golang.org/x/crypto v0.0.0-20190308221718-c2843e01d9a2/go.mod h1:djNgcEr1/C05ACkg1iLfiJU5Ep61QUkGW8qpdssI0+w=
golang.org/x/exp v0.0.0-20180321215751-8460e604b9de/go.mod h1:CJ0aWSM057203Lf6IL+f9T1iT9GByDxfZKAQTCR3kQA=
golang.org/x/net v0.0.0-20200226121028-0de0cce0169b h1:0mm1VjtFUOIlE1SbDlwjYaDxZVDP2S5ou6y0gSgXHu8=
golang.org/x/net v0.0.0-20200226121028-0de0cce0169b/go.mod h1:z5CRVTTTmAJ677TzLLGU+0bjPO0LkuOLi4/5GtJWs/s=
golang.org/x/sys v0.0.0-20190215142949-d0b11bdaac8a/go.mod h1:STP8DvDyc/dI5b8T5hshtkjS+E42TnysNCUPdjciGhY=
golang.org/x/text v0.3.0 h1:g61tztE5qeGQ89tm6NTjjM9VPIm088od1l6aSorWRWg=
golang.org/x/text v0.3.0/go.mod h1:NqM8EUOU14njkJ3fqMW+pc6Ldnwhi/IjpwHt7yyuwOQ=
golang.org/x/tools v0.0.0-20180525024113-a5b4c53f6e8b/go.mod h1:n7NCudcB/nEzxVGmLbDWY5pfWTLqBcC2KZ6jyYvM4mQ=
gonum.org/v1/gonum v0.0.0-20181121035319-3f7ecaa7e8ca/go.mod h1:Y+Yx5eoAFn32cQvJDxZx5Dpnq+c3wtXuadVZAcxbbBo=
gonum.org/v1/netlib v0.0.0-20181029234149-ec6d1f5cefe6/go.mod h1:wa6Ws7BG/ESfp6dHfk7C6KdzKA7wR7u/rKwOGE66zvw=
